
Microsoft Visual Studio Solution File, Format Version 12.00
# Visual Studio 14
VisualStudioVersion = 14.0.25123.0
MinimumVisualStudioVersion = 10.0.40219.1
Project("{FAE04EC0-301F-11D3-BF4B-00C04F79EFBC}") = "Roses", "Roses\Roses.csproj", "{EE9E4309-653B-49A0-9392-56874FB36E07}"
EndProject
Project("{FAE04EC0-301F-11D3-BF4B-00C04F79EFBC}") = "Tests", "Tests\Tests.csproj", "{0370F4FA-6A81-42E5-8372-6D21D2F146F5}"
EndProject
Global
	GlobalSection(SolutionConfigurationPlatforms) = preSolution
		Debug|Any CPU = Debug|Any CPU
		Release|Any CPU = Release|Any CPU
	EndGlobalSection
	GlobalSection(ProjectConfigurationPlatforms) = postSolution
		{EE9E4309-653B-49A0-9392-56874FB36E07}.Debug|Any CPU.ActiveCfg = Debug|Any CPU
		{EE9E4309-653B-49A0-9392-56874FB36E07}.Debug|Any CPU.Build.0 = Debug|Any CPU
		{EE9E4309-653B-49A0-9392-56874FB36E07}.Release|Any CPU.ActiveCfg = Release|Any CPU
		{EE9E4309-653B-49A0-9392-56874FB36E07}.Release|Any CPU.Build.0 = Release|Any CPU
		{0370F4FA-6A81-42E5-8372-6D21D2F146F5}.Debug|Any CPU.ActiveCfg = Debug|Any CPU
		{0370F4FA-6A81-42E5-8372-6D21D2F146F5}.Debug|Any CPU.Build.0 = Debug|Any CPU
		{0370F4FA-6A81-42E5-8372-6D21D2F146F5}.Release|Any CPU.ActiveCfg = Release|Any CPU
		{0370F4FA-6A81-42E5-8372-6D21D2F146F5}.Release|Any CPU.Build.0 = Release|Any CPU
	EndGlobalSection
	GlobalSection(SolutionProperties) = preSolution
		HideSolutionNode = FALSE
	EndGlobalSection
EndGlobal
